
Microsoft Visual Studio Solution File, Format Version 12.00
Project("{FAE04EC0-301F-11D3-BF4B-00C04F79EFBC}") = "Base", "Base\Base.csproj", "{DF6E18E1-1065-44E4-BF02-DB1CE247D0E4}"
EndProject
Project("{FAE04EC0-301F-11D3-BF4B-00C04F79EFBC}") = "Base.Tests", "Base.Tests\Base.Tests.csproj", "{50A75644-A1C3-4495-9DEB-DBB12D9334B5}"
EndProject
Project("{F2A71F9B-5D33-465A-A702-920D77279786}") = "Db", "Db\Db.fsproj", "{500FBEA7-C8FB-44EC-AAFD-B21FAFF08E93}"
EndProject
Project("{F2A71F9B-5D33-465A-A702-920D77279786}") = "FsBase", "FsBase\FsBase.fsproj", "{41607026-96DC-4597-A3C4-E32008F8096F}"
EndProject
Project("{2150E333-8FDC-42A3-9474-1A3956D46DE8}") = "Tests", "Tests", "{B44178DF-5B81-4029-90FA-2BF8E2A1EDBF}"
EndProject
Project("{F2A71F9B-5D33-465A-A702-920D77279786}") = "FruityFoundation.Tests.FsBase", "FruityFoundation.Tests.FsBase\FruityFoundation.Tests.FsBase.fsproj", "{EBDC3640-4E47-43FE-BF0D-4BFFD07FE2EF}"
EndProject
Project("{FAE04EC0-301F-11D3-BF4B-00C04F79EFBC}") = "FruityFoundation.Tests.FsBaseInterop", "FruityFoundation.Tests.FsBaseInterop\FruityFoundation.Tests.FsBaseInterop.csproj", "{A64E73D3-EF87-4938-B01E-F9CC0B59F9DE}"
EndProject
Project("{2150E333-8FDC-42A3-9474-1A3956D46DE8}") = "DataAccess", "DataAccess", "{5C3A014A-7931-4A36-95F0-5EFE15AB06A3}"
EndProject
Project("{FAE04EC0-301F-11D3-BF4B-00C04F79EFBC}") = "FruityFoundation.DataAccess.Abstractions", "FruityFoundation.DataAccess.Abstractions\FruityFoundation.DataAccess.Abstractions.csproj", "{C003E247-C62E-4830-94E4-F274D8466A5C}"
EndProject
Project("{FAE04EC0-301F-11D3-BF4B-00C04F79EFBC}") = "FruityFoundation.DataAccess.Core", "FruityFoundation.DataAccess.Core\FruityFoundation.DataAccess.Core.csproj", "{B65527CC-218A-4EA3-93DC-985713B5DFF4}"
EndProject
Project("{F2A71F9B-5D33-465A-A702-920D77279786}") = "FruityFoundation.DataAccess.Abstractions.FSharp", "FruityFoundation.DataAccess.Abstractions.FSharp\FruityFoundation.DataAccess.Abstractions.FSharp.fsproj", "{B2E0156B-B631-4C80-A129-59472D2D0A77}"
EndProject
Project("{F2A71F9B-5D33-465A-A702-920D77279786}") = "FruityFoundation.Tests.DataAccess.Abstractions.FSharp", "FruityFoundation.Tests.DataAccess.Abstractions.FSharp\FruityFoundation.Tests.DataAccess.Abstractions.FSharp.fsproj", "{27F4FB64-7A51-4315-BDAA-6EE07736C976}"
EndProject
Project("{FAE04EC0-301F-11D3-BF4B-00C04F79EFBC}") = "FruityFoundation.DataAccess.Sqlite", "FruityFoundation.DataAccess.Sqlite\FruityFoundation.DataAccess.Sqlite.csproj", "{2DB2E605-68E8-47E3-A183-985C1A52B56A}"
EndProject
Project("{FAE04EC0-301F-11D3-BF4B-00C04F79EFBC}") = "FruityFoundation.Tests.DataAccess.Sqlite", "FruityFoundation.Tests.DataAccess.Sqlite\FruityFoundation.Tests.DataAccess.Sqlite.csproj", "{A1AB7658-7310-490A-82BE-DAABCC204EA4}"
EndProject
Global
	GlobalSection(SolutionConfigurationPlatforms) = preSolution
		Debug|Any CPU = Debug|Any CPU
		Release|Any CPU = Release|Any CPU
	EndGlobalSection
	GlobalSection(ProjectConfigurationPlatforms) = postSolution
		{DF6E18E1-1065-44E4-BF02-DB1CE247D0E4}.Debug|Any CPU.ActiveCfg = Debug|Any CPU
		{DF6E18E1-1065-44E4-BF02-DB1CE247D0E4}.Debug|Any CPU.Build.0 = Debug|Any CPU
		{DF6E18E1-1065-44E4-BF02-DB1CE247D0E4}.Release|Any CPU.ActiveCfg = Release|Any CPU
		{DF6E18E1-1065-44E4-BF02-DB1CE247D0E4}.Release|Any CPU.Build.0 = Release|Any CPU
		{50A75644-A1C3-4495-9DEB-DBB12D9334B5}.Debug|Any CPU.ActiveCfg = Debug|Any CPU
		{50A75644-A1C3-4495-9DEB-DBB12D9334B5}.Debug|Any CPU.Build.0 = Debug|Any CPU
		{50A75644-A1C3-4495-9DEB-DBB12D9334B5}.Release|Any CPU.ActiveCfg = Release|Any CPU
		{50A75644-A1C3-4495-9DEB-DBB12D9334B5}.Release|Any CPU.Build.0 = Release|Any CPU
		{500FBEA7-C8FB-44EC-AAFD-B21FAFF08E93}.Debug|Any CPU.ActiveCfg = Debug|Any CPU
		{500FBEA7-C8FB-44EC-AAFD-B21FAFF08E93}.Debug|Any CPU.Build.0 = Debug|Any CPU
		{500FBEA7-C8FB-44EC-AAFD-B21FAFF08E93}.Release|Any CPU.ActiveCfg = Release|Any CPU
		{500FBEA7-C8FB-44EC-AAFD-B21FAFF08E93}.Release|Any CPU.Build.0 = Release|Any CPU
		{41607026-96DC-4597-A3C4-E32008F8096F}.Debug|Any CPU.ActiveCfg = Debug|Any CPU
		{41607026-96DC-4597-A3C4-E32008F8096F}.Debug|Any CPU.Build.0 = Debug|Any CPU
		{41607026-96DC-4597-A3C4-E32008F8096F}.Release|Any CPU.ActiveCfg = Release|Any CPU
		{41607026-96DC-4597-A3C4-E32008F8096F}.Release|Any CPU.Build.0 = Release|Any CPU
		{EBDC3640-4E47-43FE-BF0D-4BFFD07FE2EF}.Debug|Any CPU.ActiveCfg = Debug|Any CPU
		{EBDC3640-4E47-43FE-BF0D-4BFFD07FE2EF}.Debug|Any CPU.Build.0 = Debug|Any CPU
		{EBDC3640-4E47-43FE-BF0D-4BFFD07FE2EF}.Release|Any CPU.ActiveCfg = Release|Any CPU
		{EBDC3640-4E47-43FE-BF0D-4BFFD07FE2EF}.Release|Any CPU.Build.0 = Release|Any CPU
		{A64E73D3-EF87-4938-B01E-F9CC0B59F9DE}.Debug|Any CPU.ActiveCfg = Debug|Any CPU
		{A64E73D3-EF87-4938-B01E-F9CC0B59F9DE}.Debug|Any CPU.Build.0 = Debug|Any CPU
		{A64E73D3-EF87-4938-B01E-F9CC0B59F9DE}.Release|Any CPU.ActiveCfg = Release|Any CPU
		{A64E73D3-EF87-4938-B01E-F9CC0B59F9DE}.Release|Any CPU.Build.0 = Release|Any CPU
		{C003E247-C62E-4830-94E4-F274D8466A5C}.Debug|Any CPU.ActiveCfg = Debug|Any CPU
		{C003E247-C62E-4830-94E4-F274D8466A5C}.Debug|Any CPU.Build.0 = Debug|Any CPU
		{C003E247-C62E-4830-94E4-F274D8466A5C}.Release|Any CPU.ActiveCfg = Release|Any CPU
		{C003E247-C62E-4830-94E4-F274D8466A5C}.Release|Any CPU.Build.0 = Release|Any CPU
		{B65527CC-218A-4EA3-93DC-985713B5DFF4}.Debug|Any CPU.ActiveCfg = Debug|Any CPU
		{B65527CC-218A-4EA3-93DC-985713B5DFF4}.Debug|Any CPU.Build.0 = Debug|Any CPU
		{B65527CC-218A-4EA3-93DC-985713B5DFF4}.Release|Any CPU.ActiveCfg = Release|Any CPU
		{B65527CC-218A-4EA3-93DC-985713B5DFF4}.Release|Any CPU.Build.0 = Release|Any CPU
		{B2E0156B-B631-4C80-A129-59472D2D0A77}.Debug|Any CPU.ActiveCfg = Debug|Any CPU
		{B2E0156B-B631-4C80-A129-59472D2D0A77}.Debug|Any CPU.Build.0 = Debug|Any CPU
		{B2E0156B-B631-4C80-A129-59472D2D0A77}.Release|Any CPU.ActiveCfg = Release|Any CPU
		{B2E0156B-B631-4C80-A129-59472D2D0A77}.Release|Any CPU.Build.0 = Release|Any CPU
		{27F4FB64-7A51-4315-BDAA-6EE07736C976}.Debug|Any CPU.ActiveCfg = Debug|Any CPU
		{27F4FB64-7A51-4315-BDAA-6EE07736C976}.Debug|Any CPU.Build.0 = Debug|Any CPU
		{27F4FB64-7A51-4315-BDAA-6EE07736C976}.Release|Any CPU.ActiveCfg = Release|Any CPU
		{27F4FB64-7A51-4315-BDAA-6EE07736C976}.Release|Any CPU.Build.0 = Release|Any CPU
		{2DB2E605-68E8-47E3-A183-985C1A52B56A}.Debug|Any CPU.ActiveCfg = Debug|Any CPU
		{2DB2E605-68E8-47E3-A183-985C1A52B56A}.Debug|Any CPU.Build.0 = Debug|Any CPU
		{2DB2E605-68E8-47E3-A183-985C1A52B56A}.Release|Any CPU.ActiveCfg = Release|Any CPU
		{2DB2E605-68E8-47E3-A183-985C1A52B56A}.Release|Any CPU.Build.0 = Release|Any CPU
		{A1AB7658-7310-490A-82BE-DAABCC204EA4}.Debug|Any CPU.ActiveCfg = Debug|Any CPU
		{A1AB7658-7310-490A-82BE-DAABCC204EA4}.Debug|Any CPU.Build.0 = Debug|Any CPU
		{A1AB7658-7310-490A-82BE-DAABCC204EA4}.Release|Any CPU.ActiveCfg = Release|Any CPU
		{A1AB7658-7310-490A-82BE-DAABCC204EA4}.Release|Any CPU.Build.0 = Release|Any CPU
	EndGlobalSection
	GlobalSection(NestedProjects) = preSolution
		{50A75644-A1C3-4495-9DEB-DBB12D9334B5} = {B44178DF-5B81-4029-90FA-2BF8E2A1EDBF}
		{EBDC3640-4E47-43FE-BF0D-4BFFD07FE2EF} = {B44178DF-5B81-4029-90FA-2BF8E2A1EDBF}
		{A64E73D3-EF87-4938-B01E-F9CC0B59F9DE} = {B44178DF-5B81-4029-90FA-2BF8E2A1EDBF}
		{C003E247-C62E-4830-94E4-F274D8466A5C} = {5C3A014A-7931-4A36-95F0-5EFE15AB06A3}
		{B65527CC-218A-4EA3-93DC-985713B5DFF4} = {5C3A014A-7931-4A36-95F0-5EFE15AB06A3}
		{B2E0156B-B631-4C80-A129-59472D2D0A77} = {5C3A014A-7931-4A36-95F0-5EFE15AB06A3}
		{27F4FB64-7A51-4315-BDAA-6EE07736C976} = {B44178DF-5B81-4029-90FA-2BF8E2A1EDBF}
		{2DB2E605-68E8-47E3-A183-985C1A52B56A} = {5C3A014A-7931-4A36-95F0-5EFE15AB06A3}
		{A1AB7658-7310-490A-82BE-DAABCC204EA4} = {B44178DF-5B81-4029-90FA-2BF8E2A1EDBF}
	EndGlobalSection
EndGlobal
